// !$*UTF8*$!
{
	archiveVersion = 1;
	classes = {
	};
	objectVersion = 46;
	objects = {

/* Begin PBXBuildFile section */
		AD4E9F3D1D41A587000F6E49 /* LICENSE.swift in Sources */ = {isa = PBXBuildFile; fileRef = AD4E9F3C1D41A587000F6E49 /* LICENSE.swift */; };
		AD4E9F461D41A987000F6E49 /* DetailedSceneConfigurator.swift in Sources */ = {isa = PBXBuildFile; fileRef = AD4E9F3F1D41A987000F6E49 /* DetailedSceneConfigurator.swift */; };
		AD4E9F471D41A987000F6E49 /* DetailedSceneInteractor.swift in Sources */ = {isa = PBXBuildFile; fileRef = AD4E9F401D41A987000F6E49 /* DetailedSceneInteractor.swift */; };
		AD4E9F481D41A987000F6E49 /* DetailedSceneModels.swift in Sources */ = {isa = PBXBuildFile; fileRef = AD4E9F411D41A987000F6E49 /* DetailedSceneModels.swift */; };
		AD4E9F491D41A987000F6E49 /* DetailedScenePresenter.swift in Sources */ = {isa = PBXBuildFile; fileRef = AD4E9F421D41A987000F6E49 /* DetailedScenePresenter.swift */; };
		AD4E9F4A1D41A987000F6E49 /* DetailedSceneRouter.swift in Sources */ = {isa = PBXBuildFile; fileRef = AD4E9F431D41A987000F6E49 /* DetailedSceneRouter.swift */; };
		AD4E9F4B1D41A987000F6E49 /* DetailedSceneViewController.swift in Sources */ = {isa = PBXBuildFile; fileRef = AD4E9F441D41A987000F6E49 /* DetailedSceneViewController.swift */; };
		AD4E9F4C1D41A987000F6E49 /* DetailedSceneWorker.swift in Sources */ = {isa = PBXBuildFile; fileRef = AD4E9F451D41A987000F6E49 /* DetailedSceneWorker.swift */; };
		AD6AC5121D4189070048D195 /* AppDelegate.swift in Sources */ = {isa = PBXBuildFile; fileRef = AD6AC5111D4189070048D195 /* AppDelegate.swift */; };
		AD6AC5171D4189070048D195 /* Main.storyboard in Resources */ = {isa = PBXBuildFile; fileRef = AD6AC5151D4189070048D195 /* Main.storyboard */; };
		AD6AC5191D4189070048D195 /* Assets.xcassets in Resources */ = {isa = PBXBuildFile; fileRef = AD6AC5181D4189070048D195 /* Assets.xcassets */; };
		AD6AC51C1D4189070048D195 /* LaunchScreen.storyboard in Resources */ = {isa = PBXBuildFile; fileRef = AD6AC51A1D4189070048D195 /* LaunchScreen.storyboard */; };
		AD854D3B1D419D7D00BEEB1D /* TableSceneConfigurator.swift in Sources */ = {isa = PBXBuildFile; fileRef = AD854D341D419D7D00BEEB1D /* TableSceneConfigurator.swift */; };
		AD854D3C1D419D7D00BEEB1D /* TableSceneInteractor.swift in Sources */ = {isa = PBXBuildFile; fileRef = AD854D351D419D7D00BEEB1D /* TableSceneInteractor.swift */; };
		AD854D3D1D419D7D00BEEB1D /* TableSceneModels.swift in Sources */ = {isa = PBXBuildFile; fileRef = AD854D361D419D7D00BEEB1D /* TableSceneModels.swift */; };
		AD854D3E1D419D7D00BEEB1D /* TableScenePresenter.swift in Sources */ = {isa = PBXBuildFile; fileRef = AD854D371D419D7D00BEEB1D /* TableScenePresenter.swift */; };
		AD854D3F1D419D7D00BEEB1D /* TableSceneRouter.swift in Sources */ = {isa = PBXBuildFile; fileRef = AD854D381D419D7D00BEEB1D /* TableSceneRouter.swift */; };
		AD854D401D419D7D00BEEB1D /* TableSceneViewController.swift in Sources */ = {isa = PBXBuildFile; fileRef = AD854D391D419D7D00BEEB1D /* TableSceneViewController.swift */; };
		AD854D411D419D7D00BEEB1D /* TableSceneWorker.swift in Sources */ = {isa = PBXBuildFile; fileRef = AD854D3A1D419D7D00BEEB1D /* TableSceneWorker.swift */; };
		ADAE3AEA1D41AC29007E84BB /* Helper.swift in Sources */ = {isa = PBXBuildFile; fileRef = ADAE3AE91D41AC29007E84BB /* Helper.swift */; };
		ADAE3AEC1D41AC37007E84BB /* Config.swift in Sources */ = {isa = PBXBuildFile; fileRef = ADAE3AEB1D41AC37007E84BB /* Config.swift */; };
/* End PBXBuildFile section */

/* Begin PBXFileReference section */
		AD4E9F3C1D41A587000F6E49 /* LICENSE.swift */ = {isa = PBXFileReference; fileEncoding = 4; lastKnownFileType = sourcecode.swift; path = LICENSE.swift; sourceTree = "<group>"; };
		AD4E9F3F1D41A987000F6E49 /* DetailedSceneConfigurator.swift */ = {isa = PBXFileReference; fileEncoding = 4; lastKnownFileType = sourcecode.swift; name = DetailedSceneConfigurator.swift; path = Scenes/DetailedScene/DetailedSceneConfigurator.swift; sourceTree = "<group>"; };
		AD4E9F401D41A987000F6E49 /* DetailedSceneInteractor.swift */ = {isa = PBXFileReference; fileEncoding = 4; lastKnownFileType = sourcecode.swift; name = DetailedSceneInteractor.swift; path = Scenes/DetailedScene/DetailedSceneInteractor.swift; sourceTree = "<group>"; };
		AD4E9F411D41A987000F6E49 /* DetailedSceneModels.swift */ = {isa = PBXFileReference; fileEncoding = 4; lastKnownFileType = sourcecode.swift; name = DetailedSceneModels.swift; path = Scenes/DetailedScene/DetailedSceneModels.swift; sourceTree = "<group>"; };
		AD4E9F421D41A987000F6E49 /* DetailedScenePresenter.swift */ = {isa = PBXFileReference; fileEncoding = 4; lastKnownFileType = sourcecode.swift; name = DetailedScenePresenter.swift; path = Scenes/DetailedScene/DetailedScenePresenter.swift; sourceTree = "<group>"; };
		AD4E9F431D41A987000F6E49 /* DetailedSceneRouter.swift */ = {isa = PBXFileReference; fileEncoding = 4; lastKnownFileType = sourcecode.swift; name = DetailedSceneRouter.swift; path = Scenes/DetailedScene/DetailedSceneRouter.swift; sourceTree = "<group>"; };
		AD4E9F441D41A987000F6E49 /* DetailedSceneViewController.swift */ = {isa = PBXFileReference; fileEncoding = 4; lastKnownFileType = sourcecode.swift; name = DetailedSceneViewController.swift; path = Scenes/DetailedScene/DetailedSceneViewController.swift; sourceTree = "<group>"; };
		AD4E9F451D41A987000F6E49 /* DetailedSceneWorker.swift */ = {isa = PBXFileReference; fileEncoding = 4; lastKnownFileType = sourcecode.swift; name = DetailedSceneWorker.swift; path = Scenes/DetailedScene/DetailedSceneWorker.swift; sourceTree = "<group>"; };
		AD6AC50E1D4189070048D195 /* CleanApp.app */ = {isa = PBXFileReference; explicitFileType = wrapper.application; includeInIndex = 0; path = CleanApp.app; sourceTree = BUILT_PRODUCTS_DIR; };
		AD6AC5111D4189070048D195 /* AppDelegate.swift */ = {isa = PBXFileReference; lastKnownFileType = sourcecode.swift; path = AppDelegate.swift; sourceTree = "<group>"; };
		AD6AC5161D4189070048D195 /* Base */ = {isa = PBXFileReference; lastKnownFileType = file.storyboard; name = Base; path = Base.lproj/Main.storyboard; sourceTree = "<group>"; };
		AD6AC5181D4189070048D195 /* Assets.xcassets */ = {isa = PBXFileReference; lastKnownFileType = folder.assetcatalog; path = Assets.xcassets; sourceTree = "<group>"; };
		AD6AC51B1D4189070048D195 /* Base */ = {isa = PBXFileReference; lastKnownFileType = file.storyboard; name = Base; path = Base.lproj/LaunchScreen.storyboard; sourceTree = "<group>"; };
		AD6AC51D1D4189070048D195 /* Info.plist */ = {isa = PBXFileReference; lastKnownFileType = text.plist.xml; path = Info.plist; sourceTree = "<group>"; };
		AD854D341D419D7D00BEEB1D /* TableSceneConfigurator.swift */ = {isa = PBXFileReference; fileEncoding = 4; lastKnownFileType = sourcecode.swift; name = TableSceneConfigurator.swift; path = Scenes/TableScene/TableSceneConfigurator.swift; sourceTree = "<group>"; };
		AD854D351D419D7D00BEEB1D /* TableSceneInteractor.swift */ = {isa = PBXFileReference; fileEncoding = 4; lastKnownFileType = sourcecode.swift; name = TableSceneInteractor.swift; path = Scenes/TableScene/TableSceneInteractor.swift; sourceTree = "<group>"; };
		AD854D361D419D7D00BEEB1D /* TableSceneModels.swift */ = {isa = PBXFileReference; fileEncoding = 4; lastKnownFileType = sourcecode.swift; name = TableSceneModels.swift; path = Scenes/TableScene/TableSceneModels.swift; sourceTree = "<group>"; };
		AD854D371D419D7D00BEEB1D /* TableScenePresenter.swift */ = {isa = PBXFileReference; fileEncoding = 4; lastKnownFileType = sourcecode.swift; name = TableScenePresenter.swift; path = Scenes/TableScene/TableScenePresenter.swift; sourceTree = "<group>"; };
		AD854D381D419D7D00BEEB1D /* TableSceneRouter.swift */ = {isa = PBXFileReference; fileEncoding = 4; lastKnownFileType = sourcecode.swift; name = TableSceneRouter.swift; path = Scenes/TableScene/TableSceneRouter.swift; sourceTree = "<group>"; };
		AD854D391D419D7D00BEEB1D /* TableSceneViewController.swift */ = {isa = PBXFileReference; fileEncoding = 4; lastKnownFileType = sourcecode.swift; name = TableSceneViewController.swift; path = Scenes/TableScene/TableSceneViewController.swift; sourceTree = "<group>"; };
		AD854D3A1D419D7D00BEEB1D /* TableSceneWorker.swift */ = {isa = PBXFileReference; fileEncoding = 4; lastKnownFileType = sourcecode.swift; name = TableSceneWorker.swift; path = Scenes/TableScene/TableSceneWorker.swift; sourceTree = "<group>"; };
		ADAE3AE91D41AC29007E84BB /* Helper.swift */ = {isa = PBXFileReference; fileEncoding = 4; lastKnownFileType = sourcecode.swift; path = Helper.swift; sourceTree = "<group>"; };
		ADAE3AEB1D41AC37007E84BB /* Config.swift */ = {isa = PBXFileReference; fileEncoding = 4; lastKnownFileType = sourcecode.swift; path = Config.swift; sourceTree = "<group>"; };
/* End PBXFileReference section */

/* Begin PBXFrameworksBuildPhase section */
		AD6AC50B1D4189070048D195 /* Frameworks */ = {
			isa = PBXFrameworksBuildPhase;
			buildActionMask = 2147483647;
			files = (
			);
			runOnlyForDeploymentPostprocessing = 0;
		};
/* End PBXFrameworksBuildPhase section */

/* Begin PBXGroup section */
		AD4E9F3E1D41A917000F6E49 /* DetailedScene */ = {
			isa = PBXGroup;
			children = (
				AD4E9F3F1D41A987000F6E49 /* DetailedSceneConfigurator.swift */,
				AD4E9F401D41A987000F6E49 /* DetailedSceneInteractor.swift */,
				AD4E9F411D41A987000F6E49 /* DetailedSceneModels.swift */,
				AD4E9F421D41A987000F6E49 /* DetailedScenePresenter.swift */,
				AD4E9F431D41A987000F6E49 /* DetailedSceneRouter.swift */,
				AD4E9F441D41A987000F6E49 /* DetailedSceneViewController.swift */,
				AD4E9F451D41A987000F6E49 /* DetailedSceneWorker.swift */,
			);
			name = DetailedScene;
			sourceTree = "<group>";
		};
		AD6AC5051D4189070048D195 = {
			isa = PBXGroup;
			children = (
				AD6AC5101D4189070048D195 /* CleanApp */,
				AD6AC50F1D4189070048D195 /* Products */,
			);
			sourceTree = "<group>";
		};
		AD6AC50F1D4189070048D195 /* Products */ = {
			isa = PBXGroup;
			children = (
				AD6AC50E1D4189070048D195 /* CleanApp.app */,
			);
			name = Products;
			sourceTree = "<group>";
		};
		AD6AC5101D4189070048D195 /* CleanApp */ = {
			isa = PBXGroup;
			children = (
				AD4E9F3C1D41A587000F6E49 /* LICENSE.swift */,
				AD6AC5151D4189070048D195 /* Main.storyboard */,
				AD9D31941D419BF8005B2EAE /* Scenes */,
				AD9D31911D419BD5005B2EAE /* Application */,
				AD9D31961D419C24005B2EAE /* Managers */,
				AD9D31921D419BDF005B2EAE /* Assets */,
				AD9D31971D419C32005B2EAE /* Vendors */,
				AD9D31931D419BE9005B2EAE /* SupportFiles */,
				AD9D31951D419C03005B2EAE /* Frameworks */,
			);
			path = CleanApp;
			sourceTree = "<group>";
		};
		AD854D331D419D3A00BEEB1D /* TableScene */ = {
			isa = PBXGroup;
			children = (
				AD854D341D419D7D00BEEB1D /* TableSceneConfigurator.swift */,
				AD854D351D419D7D00BEEB1D /* TableSceneInteractor.swift */,
				AD854D361D419D7D00BEEB1D /* TableSceneModels.swift */,
				AD854D371D419D7D00BEEB1D /* TableScenePresenter.swift */,
				AD854D381D419D7D00BEEB1D /* TableSceneRouter.swift */,
				AD854D391D419D7D00BEEB1D /* TableSceneViewController.swift */,
				AD854D3A1D419D7D00BEEB1D /* TableSceneWorker.swift */,
			);
			name = TableScene;
			sourceTree = "<group>";
		};
		AD9D31911D419BD5005B2EAE /* Application */ = {
			isa = PBXGroup;
			children = (
				AD6AC5111D4189070048D195 /* AppDelegate.swift */,
			);
			name = Application;
			sourceTree = "<group>";
		};
		AD9D31921D419BDF005B2EAE /* Assets */ = {
			isa = PBXGroup;
			children = (
				AD6AC5181D4189070048D195 /* Assets.xcassets */,
			);
			name = Assets;
			sourceTree = "<group>";
		};
		AD9D31931D419BE9005B2EAE /* SupportFiles */ = {
			isa = PBXGroup;
			children = (
				AD6AC51A1D4189070048D195 /* LaunchScreen.storyboard */,
				AD6AC51D1D4189070048D195 /* Info.plist */,
				ADAE3AE91D41AC29007E84BB /* Helper.swift */,
				ADAE3AEB1D41AC37007E84BB /* Config.swift */,
			);
			name = SupportFiles;
			sourceTree = "<group>";
		};
		AD9D31941D419BF8005B2EAE /* Scenes */ = {
			isa = PBXGroup;
			children = (
				AD854D331D419D3A00BEEB1D /* TableScene */,
				AD4E9F3E1D41A917000F6E49 /* DetailedScene */,
			);
			name = Scenes;
			sourceTree = "<group>";
		};
		AD9D31951D419C03005B2EAE /* Frameworks */ = {
			isa = PBXGroup;
			children = (
			);
			name = Frameworks;
			sourceTree = "<group>";
		};
		AD9D31961D419C24005B2EAE /* Managers */ = {
			isa = PBXGroup;
			children = (
			);
			name = Managers;
			sourceTree = "<group>";
		};
		AD9D31971D419C32005B2EAE /* Vendors */ = {
			isa = PBXGroup;
			children = (
			);
			name = Vendors;
			sourceTree = "<group>";
		};
/* End PBXGroup section */

/* Begin PBXNativeTarget section */
		AD6AC50D1D4189070048D195 /* CleanApp */ = {
			isa = PBXNativeTarget;
			buildConfigurationList = AD6AC5201D4189070048D195 /* Build configuration list for PBXNativeTarget "CleanApp" */;
			buildPhases = (
				AD6AC50A1D4189070048D195 /* Sources */,
				AD6AC50B1D4189070048D195 /* Frameworks */,
				AD6AC50C1D4189070048D195 /* Resources */,
			);
			buildRules = (
			);
			dependencies = (
			);
			name = CleanApp;
			productName = CleanApp;
			productReference = AD6AC50E1D4189070048D195 /* CleanApp.app */;
			productType = "com.apple.product-type.application";
		};
/* End PBXNativeTarget section */

/* Begin PBXProject section */
		AD6AC5061D4189070048D195 /* Project object */ = {
			isa = PBXProject;
			attributes = {
				LastSwiftUpdateCheck = 0800;
				LastUpgradeCheck = 0800;
				ORGANIZATIONNAME = InstaRobot.NET;
				TargetAttributes = {
					AD6AC50D1D4189070048D195 = {
						CreatedOnToolsVersion = 8.0;
						DevelopmentTeam = 2W6FK48U97;
						DevelopmentTeamName = "VITALIY PODOLSKIY";
						ProvisioningStyle = Automatic;
					};
				};
			};
			buildConfigurationList = AD6AC5091D4189070048D195 /* Build configuration list for PBXProject "CleanApp" */;
			compatibilityVersion = "Xcode 3.2";
			developmentRegion = English;
			hasScannedForEncodings = 0;
			knownRegions = (
				en,
				Base,
			);
			mainGroup = AD6AC5051D4189070048D195;
			productRefGroup = AD6AC50F1D4189070048D195 /* Products */;
			projectDirPath = "";
			projectRoot = "";
			targets = (
				AD6AC50D1D4189070048D195 /* CleanApp */,
			);
		};
/* End PBXProject section */

/* Begin PBXResourcesBuildPhase section */
		AD6AC50C1D4189070048D195 /* Resources */ = {
			isa = PBXResourcesBuildPhase;
			buildActionMask = 2147483647;
			files = (
				AD6AC51C1D4189070048D195 /* LaunchScreen.storyboard in Resources */,
				AD6AC5191D4189070048D195 /* Assets.xcassets in Resources */,
				AD6AC5171D4189070048D195 /* Main.storyboard in Resources */,
			);
			runOnlyForDeploymentPostprocessing = 0;
		};
/* End PBXResourcesBuildPhase section */

/* Begin PBXSourcesBuildPhase section */
		AD6AC50A1D4189070048D195 /* Sources */ = {
			isa = PBXSourcesBuildPhase;
			buildActionMask = 2147483647;
			files = (
				AD854D3B1D419D7D00BEEB1D /* TableSceneConfigurator.swift in Sources */,
				AD4E9F461D41A987000F6E49 /* DetailedSceneConfigurator.swift in Sources */,
				AD4E9F481D41A987000F6E49 /* DetailedSceneModels.swift in Sources */,
				AD854D411D419D7D00BEEB1D /* TableSceneWorker.swift in Sources */,
				AD4E9F491D41A987000F6E49 /* DetailedScenePresenter.swift in Sources */,
				AD6AC5121D4189070048D195 /* AppDelegate.swift in Sources */,
				AD854D3E1D419D7D00BEEB1D /* TableScenePresenter.swift in Sources */,
				AD854D3C1D419D7D00BEEB1D /* TableSceneInteractor.swift in Sources */,
				ADAE3AEA1D41AC29007E84BB /* Helper.swift in Sources */,
				AD4E9F4C1D41A987000F6E49 /* DetailedSceneWorker.swift in Sources */,
				AD4E9F471D41A987000F6E49 /* DetailedSceneInteractor.swift in Sources */,
				ADAE3AEC1D41AC37007E84BB /* Config.swift in Sources */,
				AD4E9F4A1D41A987000F6E49 /* DetailedSceneRouter.swift in Sources */,
				AD854D3F1D419D7D00BEEB1D /* TableSceneRouter.swift in Sources */,
				AD854D3D1D419D7D00BEEB1D /* TableSceneModels.swift in Sources */,
				AD4E9F3D1D41A587000F6E49 /* LICENSE.swift in Sources */,
				AD854D401D419D7D00BEEB1D /* TableSceneViewController.swift in Sources */,
				AD4E9F4B1D41A987000F6E49 /* DetailedSceneViewController.swift in Sources */,
			);
			runOnlyForDeploymentPostprocessing = 0;
		};
/* End PBXSourcesBuildPhase section */

/* Begin PBXVariantGroup section */
		AD6AC5151D4189070048D195 /* Main.storyboard */ = {
			isa = PBXVariantGroup;
			children = (
				AD6AC5161D4189070048D195 /* Base */,
			);
			name = Main.storyboard;
			sourceTree = "<group>";
		};
		AD6AC51A1D4189070048D195 /* LaunchScreen.storyboard */ = {
			isa = PBXVariantGroup;
			children = (
				AD6AC51B1D4189070048D195 /* Base */,
			);
			name = LaunchScreen.storyboard;
			sourceTree = "<group>";
		};
/* End PBXVariantGroup section */

/* Begin XCBuildConfiguration section */
		AD6AC51E1D4189070048D195 /* Debug */ = {
			isa = XCBuildConfiguration;
			buildSettings = {
				ALWAYS_SEARCH_USER_PATHS = NO;
				CLANG_ANALYZER_NONNULL = YES;
				CLANG_CXX_LANGUAGE_STANDARD = "gnu++0x";
				CLANG_CXX_LIBRARY = "libc++";
				CLANG_ENABLE_MODULES = YES;
				CLANG_ENABLE_OBJC_ARC = YES;
				CLANG_WARN_BOOL_CONVERSION = YES;
				CLANG_WARN_CONSTANT_CONVERSION = YES;
				CLANG_WARN_DIRECT_OBJC_ISA_USAGE = YES_ERROR;
				CLANG_WARN_DOCUMENTATION_COMMENTS = YES;
				CLANG_WARN_EMPTY_BODY = YES;
				CLANG_WARN_ENUM_CONVERSION = YES;
				CLANG_WARN_INT_CONVERSION = YES;
				CLANG_WARN_OBJC_ROOT_CLASS = YES_ERROR;
				CLANG_WARN_UNREACHABLE_CODE = YES;
				CLANG_WARN__DUPLICATE_METHOD_MATCH = YES;
				"CODE_SIGN_IDENTITY[sdk=iphoneos*]" = "iPhone Developer";
				COPY_PHASE_STRIP = NO;
				DEBUG_INFORMATION_FORMAT = dwarf;
				ENABLE_STRICT_OBJC_MSGSEND = YES;
				ENABLE_TESTABILITY = YES;
				GCC_C_LANGUAGE_STANDARD = gnu99;
				GCC_DYNAMIC_NO_PIC = NO;
				GCC_NO_COMMON_BLOCKS = YES;
				GCC_OPTIMIZATION_LEVEL = 0;
				GCC_PREPROCESSOR_DEFINITIONS = (
					"DEBUG=1",
					"$(inherited)",
				);
				GCC_WARN_64_TO_32_BIT_CONVERSION = YES;
				GCC_WARN_ABOUT_RETURN_TYPE = YES_ERROR;
				GCC_WARN_UNDECLARED_SELECTOR = YES;
				GCC_WARN_UNINITIALIZED_AUTOS = YES_AGGRESSIVE;
				GCC_WARN_UNUSED_FUNCTION = YES;
				GCC_WARN_UNUSED_VARIABLE = YES;
				IPHONEOS_DEPLOYMENT_TARGET = 10.0;
				MTL_ENABLE_DEBUG_INFO = YES;
				ONLY_ACTIVE_ARCH = YES;
				SDKROOT = iphoneos;
				SWIFT_ACTIVE_COMPILATION_CONDITIONS = DEBUG;
				SWIFT_OPTIMIZATION_LEVEL = "-Onone";
			};
			name = Debug;
		};
		AD6AC51F1D4189070048D195 /* Release */ = {
			isa = XCBuildConfiguration;
			buildSettings = {
				ALWAYS_SEARCH_USER_PATHS = NO;
				CLANG_ANALYZER_NONNULL = YES;
				CLANG_CXX_LANGUAGE_STANDARD = "gnu++0x";
				CLANG_CXX_LIBRARY = "libc++";
				CLANG_ENABLE_MODULES = YES;
				CLANG_ENABLE_OBJC_ARC = YES;
				CLANG_WARN_BOOL_CONVERSION = YES;
				CLANG_WARN_CONSTANT_CONVERSION = YES;
				CLANG_WARN_DIRECT_OBJC_ISA_USAGE = YES_ERROR;
				CLANG_WARN_DOCUMENTATION_COMMENTS = YES;
				CLANG_WARN_EMPTY_BODY = YES;
				CLANG_WARN_ENUM_CONVERSION = YES;
				CLANG_WARN_INT_CONVERSION = YES;
				CLANG_WARN_OBJC_ROOT_CLASS = YES_ERROR;
				CLANG_WARN_UNREACHABLE_CODE = YES;
				CLANG_WARN__DUPLICATE_METHOD_MATCH = YES;
				"CODE_SIGN_IDENTITY[sdk=iphoneos*]" = "iPhone Developer";
				COPY_PHASE_STRIP = NO;
				DEBUG_INFORMATION_FORMAT = "dwarf-with-dsym";
				ENABLE_NS_ASSERTIONS = NO;
				ENABLE_STRICT_OBJC_MSGSEND = YES;
				GCC_C_LANGUAGE_STANDARD = gnu99;
				GCC_NO_COMMON_BLOCKS = YES;
				GCC_WARN_64_TO_32_BIT_CONVERSION = YES;
				GCC_WARN_ABOUT_RETURN_TYPE = YES_ERROR;
				GCC_WARN_UNDECLARED_SELECTOR = YES;
				GCC_WARN_UNINITIALIZED_AUTOS = YES_AGGRESSIVE;
				GCC_WARN_UNUSED_FUNCTION = YES;
				GCC_WARN_UNUSED_VARIABLE = YES;
				IPHONEOS_DEPLOYMENT_TARGET = 10.0;
				MTL_ENABLE_DEBUG_INFO = NO;
				SDKROOT = iphoneos;
				SWIFT_OPTIMIZATION_LEVEL = "-Owholemodule";
				VALIDATE_PRODUCT = YES;
			};
			name = Release;
		};
		AD6AC5211D4189070048D195 /* Debug */ = {
			isa = XCBuildConfiguration;
			buildSettings = {
				ASSETCATALOG_COMPILER_APPICON_NAME = AppIcon;
				INFOPLIST_FILE = CleanApp/Info.plist;
				LD_RUNPATH_SEARCH_PATHS = "$(inherited) @executable_path/Frameworks";
				PRODUCT_BUNDLE_IDENTIFIER = net.instarobot.CleanApp;
				PRODUCT_NAME = "$(TARGET_NAME)";
				SWIFT_VERSION = 3.0;
			};
			name = Debug;
		};
		AD6AC5221D4189070048D195 /* Release */ = {
			isa = XCBuildConfiguration;
			buildSettings = {
				ASSETCATALOG_COMPILER_APPICON_NAME = AppIcon;
				INFOPLIST_FILE = CleanApp/Info.plist;
				LD_RUNPATH_SEARCH_PATHS = "$(inherited) @executable_path/Frameworks";
				PRODUCT_BUNDLE_IDENTIFIER = net.instarobot.CleanApp;
				PRODUCT_NAME = "$(TARGET_NAME)";
				SWIFT_VERSION = 3.0;
			};
			name = Release;
		};
/* End XCBuildConfiguration section */

/* Begin XCConfigurationList section */
		AD6AC5091D4189070048D195 /* Build configuration list for PBXProject "CleanApp" */ = {
			isa = XCConfigurationList;
			buildConfigurations = (
				AD6AC51E1D4189070048D195 /* Debug */,
				AD6AC51F1D4189070048D195 /* Release */,
			);
			defaultConfigurationIsVisible = 0;
			defaultConfigurationName = Release;
		};
		AD6AC5201D4189070048D195 /* Build configuration list for PBXNativeTarget "CleanApp" */ = {
			isa = XCConfigurationList;
			buildConfigurations = (
				AD6AC5211D4189070048D195 /* Debug */,
				AD6AC5221D4189070048D195 /* Release */,
			);
			defaultConfigurationIsVisible = 0;
			defaultConfigurationName = Release;
		};
/* End XCConfigurationList section */
	};
	rootObject = AD6AC5061D4189070048D195 /* Project object */;
}
